// !$*UTF8*$!
{
	archiveVersion = 1;
	classes = {
	};
	objectVersion = 55;
	objects = {

/* Begin PBXBuildFile section */
		84BA098F278C7585002E3C05 /* AppDelegate.swift in Sources */ = {isa = PBXBuildFile; fileRef = 84BA098E278C7585002E3C05 /* AppDelegate.swift */; };
		84BA0991278C7585002E3C05 /* SceneDelegate.swift in Sources */ = {isa = PBXBuildFile; fileRef = 84BA0990278C7585002E3C05 /* SceneDelegate.swift */; };
		84BA0993278C7585002E3C05 /* ViewController.swift in Sources */ = {isa = PBXBuildFile; fileRef = 84BA0992278C7585002E3C05 /* ViewController.swift */; };
		84BA0996278C7585002E3C05 /* Main.storyboard in Resources */ = {isa = PBXBuildFile; fileRef = 84BA0994278C7585002E3C05 /* Main.storyboard */; };
		84BA0998278C758A002E3C05 /* Assets.xcassets in Resources */ = {isa = PBXBuildFile; fileRef = 84BA0997278C758A002E3C05 /* Assets.xcassets */; };
		84BA099B278C758A002E3C05 /* LaunchScreen.storyboard in Resources */ = {isa = PBXBuildFile; fileRef = 84BA0999278C758A002E3C05 /* LaunchScreen.storyboard */; };
		84BA09A6278C758A002E3C05 /* Pet_AppTests.swift in Sources */ = {isa = PBXBuildFile; fileRef = 84BA09A5278C758A002E3C05 /* Pet_AppTests.swift */; };
		84BA09B0278C758A002E3C05 /* Pet_AppUITests.swift in Sources */ = {isa = PBXBuildFile; fileRef = 84BA09AF278C758A002E3C05 /* Pet_AppUITests.swift */; };
		84BA09B2278C758A002E3C05 /* Pet_AppUITestsLaunchTests.swift in Sources */ = {isa = PBXBuildFile; fileRef = 84BA09B1278C758A002E3C05 /* Pet_AppUITestsLaunchTests.swift */; };
/* End PBXBuildFile section */

/* Begin PBXContainerItemProxy section */
		84BA09A2278C758A002E3C05 /* PBXContainerItemProxy */ = {
			isa = PBXContainerItemProxy;
			containerPortal = 84BA0983278C7585002E3C05 /* Project object */;
			proxyType = 1;
			remoteGlobalIDString = 84BA098A278C7585002E3C05;
			remoteInfo = "Pet App";
		};
		84BA09AC278C758A002E3C05 /* PBXContainerItemProxy */ = {
			isa = PBXContainerItemProxy;
			containerPortal = 84BA0983278C7585002E3C05 /* Project object */;
			proxyType = 1;
			remoteGlobalIDString = 84BA098A278C7585002E3C05;
			remoteInfo = "Pet App";
		};
/* End PBXContainerItemProxy section */

/* Begin PBXFileReference section */
		84BA098B278C7585002E3C05 /* Pet App.app */ = {isa = PBXFileReference; explicitFileType = wrapper.application; includeInIndex = 0; path = "Pet App.app"; sourceTree = BUILT_PRODUCTS_DIR; };
		84BA098E278C7585002E3C05 /* AppDelegate.swift */ = {isa = PBXFileReference; lastKnownFileType = sourcecode.swift; path = AppDelegate.swift; sourceTree = "<group>"; };
		84BA0990278C7585002E3C05 /* SceneDelegate.swift */ = {isa = PBXFileReference; lastKnownFileType = sourcecode.swift; path = SceneDelegate.swift; sourceTree = "<group>"; };
		84BA0992278C7585002E3C05 /* ViewController.swift */ = {isa = PBXFileReference; lastKnownFileType = sourcecode.swift; path = ViewController.swift; sourceTree = "<group>"; };
		84BA0995278C7585002E3C05 /* Base */ = {isa = PBXFileReference; lastKnownFileType = file.storyboard; name = Base; path = Base.lproj/Main.storyboard; sourceTree = "<group>"; };
		84BA0997278C758A002E3C05 /* Assets.xcassets */ = {isa = PBXFileReference; lastKnownFileType = folder.assetcatalog; path = Assets.xcassets; sourceTree = "<group>"; };
		84BA099A278C758A002E3C05 /* Base */ = {isa = PBXFileReference; lastKnownFileType = file.storyboard; name = Base; path = Base.lproj/LaunchScreen.storyboard; sourceTree = "<group>"; };
		84BA099C278C758A002E3C05 /* Info.plist */ = {isa = PBXFileReference; lastKnownFileType = text.plist.xml; path = Info.plist; sourceTree = "<group>"; };
		84BA09A1278C758A002E3C05 /* Pet AppTests.xctest */ = {isa = PBXFileReference; explicitFileType = wrapper.cfbundle; includeInIndex = 0; path = "Pet AppTests.xctest"; sourceTree = BUILT_PRODUCTS_DIR; };
		84BA09A5278C758A002E3C05 /* Pet_AppTests.swift */ = {isa = PBXFileReference; lastKnownFileType = sourcecode.swift; path = Pet_AppTests.swift; sourceTree = "<group>"; };
		84BA09AB278C758A002E3C05 /* Pet AppUITests.xctest */ = {isa = PBXFileReference; explicitFileType = wrapper.cfbundle; includeInIndex = 0; path = "Pet AppUITests.xctest"; sourceTree = BUILT_PRODUCTS_DIR; };
		84BA09AF278C758A002E3C05 /* Pet_AppUITests.swift */ = {isa = PBXFileReference; lastKnownFileType = sourcecode.swift; path = Pet_AppUITests.swift; sourceTree = "<group>"; };
		84BA09B1278C758A002E3C05 /* Pet_AppUITestsLaunchTests.swift */ = {isa = PBXFileReference; lastKnownFileType = sourcecode.swift; path = Pet_AppUITestsLaunchTests.swift; sourceTree = "<group>"; };
/* End PBXFileReference section */

/* Begin PBXFrameworksBuildPhase section */
		84BA0988278C7585002E3C05 /* Frameworks */ = {
			isa = PBXFrameworksBuildPhase;
			buildActionMask = 2147483647;
			files = (
			);
			runOnlyForDeploymentPostprocessing = 0;
		};
		84BA099E278C758A002E3C05 /* Frameworks */ = {
			isa = PBXFrameworksBuildPhase;
			buildActionMask = 2147483647;
			files = (
			);
			runOnlyForDeploymentPostprocessing = 0;
		};
		84BA09A8278C758A002E3C05 /* Frameworks */ = {
			isa = PBXFrameworksBuildPhase;
			buildActionMask = 2147483647;
			files = (
			);
			runOnlyForDeploymentPostprocessing = 0;
		};
/* End PBXFrameworksBuildPhase section */

/* Begin PBXGroup section */
		84BA0982278C7585002E3C05 = {
			isa = PBXGroup;
			children = (
				84BA098D278C7585002E3C05 /* Pet App */,
				84BA09A4278C758A002E3C05 /* Pet AppTests */,
				84BA09AE278C758A002E3C05 /* Pet AppUITests */,
				84BA098C278C7585002E3C05 /* Products */,
			);
			sourceTree = "<group>";
		};
		84BA098C278C7585002E3C05 /* Products */ = {
			isa = PBXGroup;
			children = (
				84BA098B278C7585002E3C05 /* Pet App.app */,
				84BA09A1278C758A002E3C05 /* Pet AppTests.xctest */,
				84BA09AB278C758A002E3C05 /* Pet AppUITests.xctest */,
			);
			name = Products;
			sourceTree = "<group>";
		};
		84BA098D278C7585002E3C05 /* Pet App */ = {
			isa = PBXGroup;
			children = (
				84BA098E278C7585002E3C05 /* AppDelegate.swift */,
				84BA0990278C7585002E3C05 /* SceneDelegate.swift */,
				84BA0992278C7585002E3C05 /* ViewController.swift */,
				84BA0994278C7585002E3C05 /* Main.storyboard */,
				84BA0997278C758A002E3C05 /* Assets.xcassets */,
				84BA0999278C758A002E3C05 /* LaunchScreen.storyboard */,
				84BA099C278C758A002E3C05 /* Info.plist */,
			);
			path = "Pet App";
			sourceTree = "<group>";
		};
		84BA09A4278C758A002E3C05 /* Pet AppTests */ = {
			isa = PBXGroup;
			children = (
				84BA09A5278C758A002E3C05 /* Pet_AppTests.swift */,
			);
			path = "Pet AppTests";
			sourceTree = "<group>";
		};
		84BA09AE278C758A002E3C05 /* Pet AppUITests */ = {
			isa = PBXGroup;
			children = (
				84BA09AF278C758A002E3C05 /* Pet_AppUITests.swift */,
				84BA09B1278C758A002E3C05 /* Pet_AppUITestsLaunchTests.swift */,
			);
			path = "Pet AppUITests";
			sourceTree = "<group>";
		};
/* End PBXGroup section */

/* Begin PBXNativeTarget section */
		84BA098A278C7585002E3C05 /* Pet App */ = {
			isa = PBXNativeTarget;
			buildConfigurationList = 84BA09B5278C758A002E3C05 /* Build configuration list for PBXNativeTarget "Pet App" */;
			buildPhases = (
				84BA0987278C7585002E3C05 /* Sources */,
				84BA0988278C7585002E3C05 /* Frameworks */,
				84BA0989278C7585002E3C05 /* Resources */,
			);
			buildRules = (
			);
			dependencies = (
			);
			name = "Pet App";
			productName = "Pet App";
			productReference = 84BA098B278C7585002E3C05 /* Pet App.app */;
			productType = "com.apple.product-type.application";
		};
		84BA09A0278C758A002E3C05 /* Pet AppTests */ = {
			isa = PBXNativeTarget;
			buildConfigurationList = 84BA09B8278C758A002E3C05 /* Build configuration list for PBXNativeTarget "Pet AppTests" */;
			buildPhases = (
				84BA099D278C758A002E3C05 /* Sources */,
				84BA099E278C758A002E3C05 /* Frameworks */,
				84BA099F278C758A002E3C05 /* Resources */,
			);
			buildRules = (
			);
			dependencies = (
				84BA09A3278C758A002E3C05 /* PBXTargetDependency */,
			);
			name = "Pet AppTests";
			productName = "Pet AppTests";
			productReference = 84BA09A1278C758A002E3C05 /* Pet AppTests.xctest */;
			productType = "com.apple.product-type.bundle.unit-test";
		};
		84BA09AA278C758A002E3C05 /* Pet AppUITests */ = {
			isa = PBXNativeTarget;
			buildConfigurationList = 84BA09BB278C758A002E3C05 /* Build configuration list for PBXNativeTarget "Pet AppUITests" */;
			buildPhases = (
				84BA09A7278C758A002E3C05 /* Sources */,
				84BA09A8278C758A002E3C05 /* Frameworks */,
				84BA09A9278C758A002E3C05 /* Resources */,
			);
			buildRules = (
			);
			dependencies = (
				84BA09AD278C758A002E3C05 /* PBXTargetDependency */,
			);
			name = "Pet AppUITests";
			productName = "Pet AppUITests";
			productReference = 84BA09AB278C758A002E3C05 /* Pet AppUITests.xctest */;
			productType = "com.apple.product-type.bundle.ui-testing";
		};
/* End PBXNativeTarget section */

/* Begin PBXProject section */
		84BA0983278C7585002E3C05 /* Project object */ = {
			isa = PBXProject;
			attributes = {
				BuildIndependentTargetsInParallel = 1;
				LastSwiftUpdateCheck = 1320;
				LastUpgradeCheck = 1320;
				TargetAttributes = {
					84BA098A278C7585002E3C05 = {
						CreatedOnToolsVersion = 13.2.1;
					};
					84BA09A0278C758A002E3C05 = {
						CreatedOnToolsVersion = 13.2.1;
						TestTargetID = 84BA098A278C7585002E3C05;
					};
					84BA09AA278C758A002E3C05 = {
						CreatedOnToolsVersion = 13.2.1;
						TestTargetID = 84BA098A278C7585002E3C05;
					};
				};
			};
			buildConfigurationList = 84BA0986278C7585002E3C05 /* Build configuration list for PBXProject "Pet App" */;
			compatibilityVersion = "Xcode 13.0";
			developmentRegion = en;
			hasScannedForEncodings = 0;
			knownRegions = (
				en,
				Base,
			);
			mainGroup = 84BA0982278C7585002E3C05;
			productRefGroup = 84BA098C278C7585002E3C05 /* Products */;
			projectDirPath = "";
			projectRoot = "";
			targets = (
				84BA098A278C7585002E3C05 /* Pet App */,
				84BA09A0278C758A002E3C05 /* Pet AppTests */,
				84BA09AA278C758A002E3C05 /* Pet AppUITests */,
			);
		};
/* End PBXProject section */

/* Begin PBXResourcesBuildPhase section */
		84BA0989278C7585002E3C05 /* Resources */ = {
			isa = PBXResourcesBuildPhase;
			buildActionMask = 2147483647;
			files = (
				84BA099B278C758A002E3C05 /* LaunchScreen.storyboard in Resources */,
				84BA0998278C758A002E3C05 /* Assets.xcassets in Resources */,
				84BA0996278C7585002E3C05 /* Main.storyboard in Resources */,
			);
			runOnlyForDeploymentPostprocessing = 0;
		};
		84BA099F278C758A002E3C05 /* Resources */ = {
			isa = PBXResourcesBuildPhase;
			buildActionMask = 2147483647;
			files = (
			);
			runOnlyForDeploymentPostprocessing = 0;
		};
		84BA09A9278C758A002E3C05 /* Resources */ = {
			isa = PBXResourcesBuildPhase;
			buildActionMask = 2147483647;
			files = (
			);
			runOnlyForDeploymentPostprocessing = 0;
		};
/* End PBXResourcesBuildPhase section */

/* Begin PBXSourcesBuildPhase section */
		84BA0987278C7585002E3C05 /* Sources */ = {
			isa = PBXSourcesBuildPhase;
			buildActionMask = 2147483647;
			files = (
				84BA0993278C7585002E3C05 /* ViewController.swift in Sources */,
				84BA098F278C7585002E3C05 /* AppDelegate.swift in Sources */,
				84BA0991278C7585002E3C05 /* SceneDelegate.swift in Sources */,
			);
			runOnlyForDeploymentPostprocessing = 0;
		};
		84BA099D278C758A002E3C05 /* Sources */ = {
			isa = PBXSourcesBuildPhase;
			buildActionMask = 2147483647;
			files = (
				84BA09A6278C758A002E3C05 /* Pet_AppTests.swift in Sources */,
			);
			runOnlyForDeploymentPostprocessing = 0;
		};
		84BA09A7278C758A002E3C05 /* Sources */ = {
			isa = PBXSourcesBuildPhase;
			buildActionMask = 2147483647;
			files = (
				84BA09B2278C758A002E3C05 /* Pet_AppUITestsLaunchTests.swift in Sources */,
				84BA09B0278C758A002E3C05 /* Pet_AppUITests.swift in Sources */,
			);
			runOnlyForDeploymentPostprocessing = 0;
		};
/* End PBXSourcesBuildPhase section */

/* Begin PBXTargetDependency section */
		84BA09A3278C758A002E3C05 /* PBXTargetDependency */ = {
			isa = PBXTargetDependency;
			target = 84BA098A278C7585002E3C05 /* Pet App */;
			targetProxy = 84BA09A2278C758A002E3C05 /* PBXContainerItemProxy */;
		};
		84BA09AD278C758A002E3C05 /* PBXTargetDependency */ = {
			isa = PBXTargetDependency;
			target = 84BA098A278C7585002E3C05 /* Pet App */;
			targetProxy = 84BA09AC278C758A002E3C05 /* PBXContainerItemProxy */;
		};
/* End PBXTargetDependency section */

/* Begin PBXVariantGroup section */
		84BA0994278C7585002E3C05 /* Main.storyboard */ = {
			isa = PBXVariantGroup;
			children = (
				84BA0995278C7585002E3C05 /* Base */,
			);
			name = Main.storyboard;
			sourceTree = "<group>";
		};
		84BA0999278C758A002E3C05 /* LaunchScreen.storyboard */ = {
			isa = PBXVariantGroup;
			children = (
				84BA099A278C758A002E3C05 /* Base */,
			);
			name = LaunchScreen.storyboard;
			sourceTree = "<group>";
		};
/* End PBXVariantGroup section */

/* Begin XCBuildConfiguration section */
		84BA09B3278C758A002E3C05 /* Debug */ = {
			isa = XCBuildConfiguration;
			buildSettings = {
				ALWAYS_SEARCH_USER_PATHS = NO;
				CLANG_ANALYZER_NONNULL = YES;
				CLANG_ANALYZER_NUMBER_OBJECT_CONVERSION = YES_AGGRESSIVE;
				CLANG_CXX_LANGUAGE_STANDARD = "gnu++17";
				CLANG_CXX_LIBRARY = "libc++";
				CLANG_ENABLE_MODULES = YES;
				CLANG_ENABLE_OBJC_ARC = YES;
				CLANG_ENABLE_OBJC_WEAK = YES;
				CLANG_WARN_BLOCK_CAPTURE_AUTORELEASING = YES;
				CLANG_WARN_BOOL_CONVERSION = YES;
				CLANG_WARN_COMMA = YES;
				CLANG_WARN_CONSTANT_CONVERSION = YES;
				CLANG_WARN_DEPRECATED_OBJC_IMPLEMENTATIONS = YES;
				CLANG_WARN_DIRECT_OBJC_ISA_USAGE = YES_ERROR;
				CLANG_WARN_DOCUMENTATION_COMMENTS = YES;
				CLANG_WARN_EMPTY_BODY = YES;
				CLANG_WARN_ENUM_CONVERSION = YES;
				CLANG_WARN_INFINITE_RECURSION = YES;
				CLANG_WARN_INT_CONVERSION = YES;
				CLANG_WARN_NON_LITERAL_NULL_CONVERSION = YES;
				CLANG_WARN_OBJC_IMPLICIT_RETAIN_SELF = YES;
				CLANG_WARN_OBJC_LITERAL_CONVERSION = YES;
				CLANG_WARN_OBJC_ROOT_CLASS = YES_ERROR;
				CLANG_WARN_QUOTED_INCLUDE_IN_FRAMEWORK_HEADER = YES;
				CLANG_WARN_RANGE_LOOP_ANALYSIS = YES;
				CLANG_WARN_STRICT_PROTOTYPES = YES;
				CLANG_WARN_SUSPICIOUS_MOVE = YES;
				CLANG_WARN_UNGUARDED_AVAILABILITY = YES_AGGRESSIVE;
				CLANG_WARN_UNREACHABLE_CODE = YES;
				CLANG_WARN__DUPLICATE_METHOD_MATCH = YES;
				COPY_PHASE_STRIP = NO;
				DEBUG_INFORMATION_FORMAT = dwarf;
				ENABLE_STRICT_OBJC_MSGSEND = YES;
				ENABLE_TESTABILITY = YES;
				GCC_C_LANGUAGE_STANDARD = gnu11;
				GCC_DYNAMIC_NO_PIC = NO;
				GCC_NO_COMMON_BLOCKS = YES;
				GCC_OPTIMIZATION_LEVEL = 0;
				GCC_PREPROCESSOR_DEFINITIONS = (
					"DEBUG=1",
					"$(inherited)",
				);
				GCC_WARN_64_TO_32_BIT_CONVERSION = YES;
				GCC_WARN_ABOUT_RETURN_TYPE = YES_ERROR;
				GCC_WARN_UNDECLARED_SELECTOR = YES;
				GCC_WARN_UNINITIALIZED_AUTOS = YES_AGGRESSIVE;
				GCC_WARN_UNUSED_FUNCTION = YES;
				GCC_WARN_UNUSED_VARIABLE = YES;
				IPHONEOS_DEPLOYMENT_TARGET = 15.2;
				MTL_ENABLE_DEBUG_INFO = INCLUDE_SOURCE;
				MTL_FAST_MATH = YES;
				ONLY_ACTIVE_ARCH = YES;
				SDKROOT = iphoneos;
				SWIFT_ACTIVE_COMPILATION_CONDITIONS = DEBUG;
				SWIFT_OPTIMIZATION_LEVEL = "-Onone";
			};
			name = Debug;
		};
		84BA09B4278C758A002E3C05 /* Release */ = {
			isa = XCBuildConfiguration;
			buildSettings = {
				ALWAYS_SEARCH_USER_PATHS = NO;
				CLANG_ANALYZER_NONNULL = YES;
				CLANG_ANALYZER_NUMBER_OBJECT_CONVERSION = YES_AGGRESSIVE;
				CLANG_CXX_LANGUAGE_STANDARD = "gnu++17";
				CLANG_CXX_LIBRARY = "libc++";
				CLANG_ENABLE_MODULES = YES;
				CLANG_ENABLE_OBJC_ARC = YES;
				CLANG_ENABLE_OBJC_WEAK = YES;
				CLANG_WARN_BLOCK_CAPTURE_AUTORELEASING = YES;
				CLANG_WARN_BOOL_CONVERSION = YES;
				CLANG_WARN_COMMA = YES;
				CLANG_WARN_CONSTANT_CONVERSION = YES;
				CLANG_WARN_DEPRECATED_OBJC_IMPLEMENTATIONS = YES;
				CLANG_WARN_DIRECT_OBJC_ISA_USAGE = YES_ERROR;
				CLANG_WARN_DOCUMENTATION_COMMENTS = YES;
				CLANG_WARN_EMPTY_BODY = YES;
				CLANG_WARN_ENUM_CONVERSION = YES;
				CLANG_WARN_INFINITE_RECURSION = YES;
				CLANG_WARN_INT_CONVERSION = YES;
				CLANG_WARN_NON_LITERAL_NULL_CONVERSION = YES;
				CLANG_WARN_OBJC_IMPLICIT_RETAIN_SELF = YES;
				CLANG_WARN_OBJC_LITERAL_CONVERSION = YES;
				CLANG_WARN_OBJC_ROOT_CLASS = YES_ERROR;
				CLANG_WARN_QUOTED_INCLUDE_IN_FRAMEWORK_HEADER = YES;
				CLANG_WARN_RANGE_LOOP_ANALYSIS = YES;
				CLANG_WARN_STRICT_PROTOTYPES = YES;
				CLANG_WARN_SUSPICIOUS_MOVE = YES;
				CLANG_WARN_UNGUARDED_AVAILABILITY = YES_AGGRESSIVE;
				CLANG_WARN_UNREACHABLE_CODE = YES;
				CLANG_WARN__DUPLICATE_METHOD_MATCH = YES;
				COPY_PHASE_STRIP = NO;
				DEBUG_INFORMATION_FORMAT = "dwarf-with-dsym";
				ENABLE_NS_ASSERTIONS = NO;
				ENABLE_STRICT_OBJC_MSGSEND = YES;
				GCC_C_LANGUAGE_STANDARD = gnu11;
				GCC_NO_COMMON_BLOCKS = YES;
				GCC_WARN_64_TO_32_BIT_CONVERSION = YES;
				GCC_WARN_ABOUT_RETURN_TYPE = YES_ERROR;
				GCC_WARN_UNDECLARED_SELECTOR = YES;
				GCC_WARN_UNINITIALIZED_AUTOS = YES_AGGRESSIVE;
				GCC_WARN_UNUSED_FUNCTION = YES;
				GCC_WARN_UNUSED_VARIABLE = YES;
				IPHONEOS_DEPLOYMENT_TARGET = 15.2;
				MTL_ENABLE_DEBUG_INFO = NO;
				MTL_FAST_MATH = YES;
				SDKROOT = iphoneos;
				SWIFT_COMPILATION_MODE = wholemodule;
				SWIFT_OPTIMIZATION_LEVEL = "-O";
				VALIDATE_PRODUCT = YES;
			};
			name = Release;
		};
		84BA09B6278C758A002E3C05 /* Debug */ = {
			isa = XCBuildConfiguration;
			buildSettings = {
				ASSETCATALOG_COMPILER_APPICON_NAME = AppIcon;
				ASSETCATALOG_COMPILER_GLOBAL_ACCENT_COLOR_NAME = AccentColor;
				CODE_SIGN_STYLE = Automatic;
				CURRENT_PROJECT_VERSION = 1;
				GENERATE_INFOPLIST_FILE = YES;
				INFOPLIST_FILE = "Pet App/Info.plist";
				INFOPLIST_KEY_UIApplicationSupportsIndirectInputEvents = YES;
				INFOPLIST_KEY_UILaunchStoryboardName = LaunchScreen;
				INFOPLIST_KEY_UIMainStoryboardFile = Main;
				INFOPLIST_KEY_UISupportedInterfaceOrientations_iPad = "UIInterfaceOrientationPortrait UIInterfaceOrientationPortraitUpsideDown UIInterfaceOrientationLandscapeLeft UIInterfaceOrientationLandscapeRight";
				INFOPLIST_KEY_UISupportedInterfaceOrientations_iPhone = "UIInterfaceOrientationPortrait UIInterfaceOrientationLandscapeLeft UIInterfaceOrientationLandscapeRight";
				LD_RUNPATH_SEARCH_PATHS = (
					"$(inherited)",
					"@executable_path/Frameworks",
				);
				MARKETING_VERSION = 1.0;
				PRODUCT_BUNDLE_IDENTIFIER = "dev.jamile.Pet-App";
				PRODUCT_NAME = "$(TARGET_NAME)";
				SWIFT_EMIT_LOC_STRINGS = YES;
				SWIFT_VERSION = 5.0;
				TARGETED_DEVICE_FAMILY = "1,2";
			};
			name = Debug;
		};
		84BA09B7278C758A002E3C05 /* Release */ = {
			isa = XCBuildConfiguration;
			buildSettings = {
				ASSETCATALOG_COMPILER_APPICON_NAME = AppIcon;
				ASSETCATALOG_COMPILER_GLOBAL_ACCENT_COLOR_NAME = AccentColor;
				CODE_SIGN_STYLE = Automatic;
				CURRENT_PROJECT_VERSION = 1;
				GENERATE_INFOPLIST_FILE = YES;
				INFOPLIST_FILE = "Pet App/Info.plist";
				INFOPLIST_KEY_UIApplicationSupportsIndirectInputEvents = YES;
				INFOPLIST_KEY_UILaunchStoryboardName = LaunchScreen;
				INFOPLIST_KEY_UIMainStoryboardFile = Main;
				INFOPLIST_KEY_UISupportedInterfaceOrientations_iPad = "UIInterfaceOrientationPortrait UIInterfaceOrientationPortraitUpsideDown UIInterfaceOrientationLandscapeLeft UIInterfaceOrientationLandscapeRight";
				INFOPLIST_KEY_UISupportedInterfaceOrientations_iPhone = "UIInterfaceOrientationPortrait UIInterfaceOrientationLandscapeLeft UIInterfaceOrientationLandscapeRight";
				LD_RUNPATH_SEARCH_PATHS = (
					"$(inherited)",
					"@executable_path/Frameworks",
				);
				MARKETING_VERSION = 1.0;
				PRODUCT_BUNDLE_IDENTIFIER = "dev.jamile.Pet-App";
				PRODUCT_NAME = "$(TARGET_NAME)";
				SWIFT_EMIT_LOC_STRINGS = YES;
				SWIFT_VERSION = 5.0;
				TARGETED_DEVICE_FAMILY = "1,2";
			};
			name = Release;
		};
		84BA09B9278C758A002E3C05 /* Debug */ = {
			isa = XCBuildConfiguration;
			buildSettings = {
				ALWAYS_EMBED_SWIFT_STANDARD_LIBRARIES = YES;
				BUNDLE_LOADER = "$(TEST_HOST)";
				CODE_SIGN_STYLE = Automatic;
				CURRENT_PROJECT_VERSION = 1;
				GENERATE_INFOPLIST_FILE = YES;
				IPHONEOS_DEPLOYMENT_TARGET = 15.2;
				MARKETING_VERSION = 1.0;
				PRODUCT_BUNDLE_IDENTIFIER = "dev.jamile.Pet-AppTests";
				PRODUCT_NAME = "$(TARGET_NAME)";
				SWIFT_EMIT_LOC_STRINGS = NO;
				SWIFT_VERSION = 5.0;
				TARGETED_DEVICE_FAMILY = "1,2";
				TEST_HOST = "$(BUILT_PRODUCTS_DIR)/Pet App.app/Pet App";
			};
			name = Debug;
		};
		84BA09BA278C758A002E3C05 /* Release */ = {
			isa = XCBuildConfiguration;
			buildSettings = {
				ALWAYS_EMBED_SWIFT_STANDARD_LIBRARIES = YES;
				BUNDLE_LOADER = "$(TEST_HOST)";
				CODE_SIGN_STYLE = Automatic;
				CURRENT_PROJECT_VERSION = 1;
				GENERATE_INFOPLIST_FILE = YES;
				IPHONEOS_DEPLOYMENT_TARGET = 15.2;
				MARKETING_VERSION = 1.0;
				PRODUCT_BUNDLE_IDENTIFIER = "dev.jamile.Pet-AppTests";
				PRODUCT_NAME = "$(TARGET_NAME)";
				SWIFT_EMIT_LOC_STRINGS = NO;
				SWIFT_VERSION = 5.0;
				TARGETED_DEVICE_FAMILY = "1,2";
				TEST_HOST = "$(BUILT_PRODUCTS_DIR)/Pet App.app/Pet App";
			};
			name = Release;
		};
		84BA09BC278C758A002E3C05 /* Debug */ = {
			isa = XCBuildConfiguration;
			buildSettings = {
				ALWAYS_EMBED_SWIFT_STANDARD_LIBRARIES = YES;
				CODE_SIGN_STYLE = Automatic;
				CURRENT_PROJECT_VERSION = 1;
				GENERATE_INFOPLIST_FILE = YES;
				MARKETING_VERSION = 1.0;
				PRODUCT_BUNDLE_IDENTIFIER = "dev.jamile.Pet-AppUITests";
				PRODUCT_NAME = "$(TARGET_NAME)";
				SWIFT_EMIT_LOC_STRINGS = NO;
				SWIFT_VERSION = 5.0;
				TARGETED_DEVICE_FAMILY = "1,2";
				TEST_TARGET_NAME = "Pet App";
			};
			name = Debug;
		};
		84BA09BD278C758A002E3C05 /* Release */ = {
			isa = XCBuildConfiguration;
			buildSettings = {
				ALWAYS_EMBED_SWIFT_STANDARD_LIBRARIES = YES;
				CODE_SIGN_STYLE = Automatic;
				CURRENT_PROJECT_VERSION = 1;
				GENERATE_INFOPLIST_FILE = YES;
				MARKETING_VERSION = 1.0;
				PRODUCT_BUNDLE_IDENTIFIER = "dev.jamile.Pet-AppUITests";
				PRODUCT_NAME = "$(TARGET_NAME)";
				SWIFT_EMIT_LOC_STRINGS = NO;
				SWIFT_VERSION = 5.0;
				TARGETED_DEVICE_FAMILY = "1,2";
				TEST_TARGET_NAME = "Pet App";
			};
			name = Release;
		};
/* End XCBuildConfiguration section */

/* Begin XCConfigurationList section */
		84BA0986278C7585002E3C05 /* Build configuration list for PBXProject "Pet App" */ = {
			isa = XCConfigurationList;
			buildConfigurations = (
				84BA09B3278C758A002E3C05 /* Debug */,
				84BA09B4278C758A002E3C05 /* Release */,
			);
			defaultConfigurationIsVisible = 0;
			defaultConfigurationName = Release;
		};
		84BA09B5278C758A002E3C05 /* Build configuration list for PBXNativeTarget "Pet App" */ = {
			isa = XCConfigurationList;
			buildConfigurations = (
				84BA09B6278C758A002E3C05 /* Debug */,
				84BA09B7278C758A002E3C05 /* Release */,
			);
			defaultConfigurationIsVisible = 0;
			defaultConfigurationName = Release;
		};
		84BA09B8278C758A002E3C05 /* Build configuration list for PBXNativeTarget "Pet AppTests" */ = {
			isa = XCConfigurationList;
			buildConfigurations = (
				84BA09B9278C758A002E3C05 /* Debug */,
				84BA09BA278C758A002E3C05 /* Release */,
			);
			defaultConfigurationIsVisible = 0;
			defaultConfigurationName = Release;
		};
		84BA09BB278C758A002E3C05 /* Build configuration list for PBXNativeTarget "Pet AppUITests" */ = {
			isa = XCConfigurationList;
			buildConfigurations = (
				84BA09BC278C758A002E3C05 /* Debug */,
				84BA09BD278C758A002E3C05 /* Release */,
			);
			defaultConfigurationIsVisible = 0;
			defaultConfigurationName = Release;
		};
/* End XCConfigurationList section */
	};
	rootObject = 84BA0983278C7585002E3C05 /* Project object */;
}
